
Microsoft Visual Studio Solution File, Format Version 12.00
# Visual Studio 15
VisualStudioVersion = 15.0.28010.2026
MinimumVisualStudioVersion = 10.0.40219.1
Project("{FAE04EC0-301F-11D3-BF4B-00C04F79EFBC}") = "ClassLibrary", "ClassLibrary\ClassLibrary.csproj", "{DA24AC41-0B9D-4597-A043-249C2A327FD6}"
EndProject
Project("{FAE04EC0-301F-11D3-BF4B-00C04F79EFBC}") = "WebApplication", "WebApplication\WebApplication.csproj", "{DD021702-F6B1-4026-9C1D-F3D2FAF939CE}"
EndProject
Global
	GlobalSection(SolutionConfigurationPlatforms) = preSolution
		Debug|Any CPU = Debug|Any CPU
		Release|Any CPU = Release|Any CPU
	EndGlobalSection
	GlobalSection(ProjectConfigurationPlatforms) = postSolution
		{DA24AC41-0B9D-4597-A043-249C2A327FD6}.Debug|Any CPU.ActiveCfg = Debug|Any CPU
		{DA24AC41-0B9D-4597-A043-249C2A327FD6}.Debug|Any CPU.Build.0 = Debug|Any CPU
		{DA24AC41-0B9D-4597-A043-249C2A327FD6}.Release|Any CPU.ActiveCfg = Release|Any CPU
		{DA24AC41-0B9D-4597-A043-249C2A327FD6}.Release|Any CPU.Build.0 = Release|Any CPU
		{DD021702-F6B1-4026-9C1D-F3D2FAF939CE}.Debug|Any CPU.ActiveCfg = Debug|Any CPU
		{DD021702-F6B1-4026-9C1D-F3D2FAF939CE}.Debug|Any CPU.Build.0 = Debug|Any CPU
		{DD021702-F6B1-4026-9C1D-F3D2FAF939CE}.Release|Any CPU.ActiveCfg = Release|Any CPU
		{DD021702-F6B1-4026-9C1D-F3D2FAF939CE}.Release|Any CPU.Build.0 = Release|Any CPU
	EndGlobalSection
	GlobalSection(SolutionProperties) = preSolution
		HideSolutionNode = FALSE
	EndGlobalSection
	GlobalSection(ExtensibilityGlobals) = postSolution
		SolutionGuid = {323B7E47-773C-471E-9C6A-712C97169BF1}
	EndGlobalSection
EndGlobal
